
Microsoft Visual Studio Solution File, Format Version 12.00
# Visual Studio Version 17
VisualStudioVersion = 17.2.32519.379
MinimumVisualStudioVersion = 10.0.40219.1
Project("{FAE04EC0-301F-11D3-BF4B-00C04F79EFBC}") = "EFCore", "WebApplication1\EFCore.csproj", "{210BA162-0960-4455-B991-B757086041C8}"
EndProject
Global
	GlobalSection(SolutionConfigurationPlatforms) = preSolution
		Debug|Any CPU = Debug|Any CPU
		Release|Any CPU = Release|Any CPU
	EndGlobalSection
	GlobalSection(ProjectConfigurationPlatforms) = postSolution
		{210BA162-0960-4455-B991-B757086041C8}.Debug|Any CPU.ActiveCfg = Debug|Any CPU
		{210BA162-0960-4455-B991-B757086041C8}.Debug|Any CPU.Build.0 = Debug|Any CPU
		{210BA162-0960-4455-B991-B757086041C8}.Release|Any CPU.ActiveCfg = Release|Any CPU
		{210BA162-0960-4455-B991-B757086041C8}.Release|Any CPU.Build.0 = Release|Any CPU
	EndGlobalSection
	GlobalSection(SolutionProperties) = preSolution
		HideSolutionNode = FALSE
	EndGlobalSection
	GlobalSection(ExtensibilityGlobals) = postSolution
		SolutionGuid = {D35DC070-E13C-4A20-89D1-28E4CB893A26}
	EndGlobalSection
EndGlobal
